// !$*UTF8*$!
{
	archiveVersion = 1;
	classes = {
	};
	objectVersion = 46;
	objects = {

/* Begin PBXBuildFile section */
		5008003F1BF0E93E0051570A /* main.m in Sources */ = {isa = PBXBuildFile; fileRef = 5008003E1BF0E93E0051570A /* main.m */; };
		500800421BF0E93E0051570A /* AppDelegate.m in Sources */ = {isa = PBXBuildFile; fileRef = 500800411BF0E93E0051570A /* AppDelegate.m */; };
		5008004A1BF0E93E0051570A /* Assets.xcassets in Resources */ = {isa = PBXBuildFile; fileRef = 500800491BF0E93E0051570A /* Assets.xcassets */; };
		5008004D1BF0E93E0051570A /* LaunchScreen.storyboard in Resources */ = {isa = PBXBuildFile; fileRef = 5008004B1BF0E93E0051570A /* LaunchScreen.storyboard */; };
		500800581BF0E93E0051570A /* collectionViewHeaderTests.m in Sources */ = {isa = PBXBuildFile; fileRef = 500800571BF0E93E0051570A /* collectionViewHeaderTests.m */; };
		500800631BF0E93F0051570A /* collectionViewHeaderUITests.m in Sources */ = {isa = PBXBuildFile; fileRef = 500800621BF0E93F0051570A /* collectionViewHeaderUITests.m */; };
		500800731BF0E9640051570A /* RootViewController.m in Sources */ = {isa = PBXBuildFile; fileRef = 500800711BF0E9640051570A /* RootViewController.m */; };
		500800741BF0E9640051570A /* RootViewController.xib in Resources */ = {isa = PBXBuildFile; fileRef = 500800721BF0E9640051570A /* RootViewController.xib */; };
		500800771BF0EA5E0051570A /* XLPlainFlowLayout.m in Sources */ = {isa = PBXBuildFile; fileRef = 500800761BF0EA5E0051570A /* XLPlainFlowLayout.m */; };
/* End PBXBuildFile section */

/* Begin PBXContainerItemProxy section */
		500800541BF0E93E0051570A /* PBXContainerItemProxy */ = {
			isa = PBXContainerItemProxy;
			containerPortal = 500800321BF0E93E0051570A /* Project object */;
			proxyType = 1;
			remoteGlobalIDString = 500800391BF0E93E0051570A;
			remoteInfo = collectionViewHeader;
		};
		5008005F1BF0E93F0051570A /* PBXContainerItemProxy */ = {
			isa = PBXContainerItemProxy;
			containerPortal = 500800321BF0E93E0051570A /* Project object */;
			proxyType = 1;
			remoteGlobalIDString = 500800391BF0E93E0051570A;
			remoteInfo = collectionViewHeader;
		};
/* End PBXContainerItemProxy section */

/* Begin PBXFileReference section */
		5008003A1BF0E93E0051570A /* collectionViewHeader.app */ = {isa = PBXFileReference; explicitFileType = wrapper.application; includeInIndex = 0; path = collectionViewHeader.app; sourceTree = BUILT_PRODUCTS_DIR; };
		5008003E1BF0E93E0051570A /* main.m */ = {isa = PBXFileReference; lastKnownFileType = sourcecode.c.objc; path = main.m; sourceTree = "<group>"; };
		500800401BF0E93E0051570A /* AppDelegate.h */ = {isa = PBXFileReference; lastKnownFileType = sourcecode.c.h; path = AppDelegate.h; sourceTree = "<group>"; };
		500800411BF0E93E0051570A /* AppDelegate.m */ = {isa = PBXFileReference; lastKnownFileType = sourcecode.c.objc; path = AppDelegate.m; sourceTree = "<group>"; };
		500800491BF0E93E0051570A /* Assets.xcassets */ = {isa = PBXFileReference; lastKnownFileType = folder.assetcatalog; path = Assets.xcassets; sourceTree = "<group>"; };
		5008004C1BF0E93E0051570A /* Base */ = {isa = PBXFileReference; lastKnownFileType = file.storyboard; name = Base; path = Base.lproj/LaunchScreen.storyboard; sourceTree = "<group>"; };
		5008004E1BF0E93E0051570A /* Info.plist */ = {isa = PBXFileReference; lastKnownFileType = text.plist.xml; path = Info.plist; sourceTree = "<group>"; };
		500800531BF0E93E0051570A /* collectionViewHeaderTests.xctest */ = {isa = PBXFileReference; explicitFileType = wrapper.cfbundle; includeInIndex = 0; path = collectionViewHeaderTests.xctest; sourceTree = BUILT_PRODUCTS_DIR; };
		500800571BF0E93E0051570A /* collectionViewHeaderTests.m */ = {isa = PBXFileReference; lastKnownFileType = sourcecode.c.objc; path = collectionViewHeaderTests.m; sourceTree = "<group>"; };
		500800591BF0E93E0051570A /* Info.plist */ = {isa = PBXFileReference; lastKnownFileType = text.plist.xml; path = Info.plist; sourceTree = "<group>"; };
		5008005E1BF0E93F0051570A /* collectionViewHeaderUITests.xctest */ = {isa = PBXFileReference; explicitFileType = wrapper.cfbundle; includeInIndex = 0; path = collectionViewHeaderUITests.xctest; sourceTree = BUILT_PRODUCTS_DIR; };
		500800621BF0E93F0051570A /* collectionViewHeaderUITests.m */ = {isa = PBXFileReference; lastKnownFileType = sourcecode.c.objc; path = collectionViewHeaderUITests.m; sourceTree = "<group>"; };
		500800641BF0E93F0051570A /* Info.plist */ = {isa = PBXFileReference; lastKnownFileType = text.plist.xml; path = Info.plist; sourceTree = "<group>"; };
		500800701BF0E9640051570A /* RootViewController.h */ = {isa = PBXFileReference; fileEncoding = 4; lastKnownFileType = sourcecode.c.h; path = RootViewController.h; sourceTree = "<group>"; };
		500800711BF0E9640051570A /* RootViewController.m */ = {isa = PBXFileReference; fileEncoding = 4; lastKnownFileType = sourcecode.c.objc; path = RootViewController.m; sourceTree = "<group>"; };
		500800721BF0E9640051570A /* RootViewController.xib */ = {isa = PBXFileReference; fileEncoding = 4; lastKnownFileType = file.xib; path = RootViewController.xib; sourceTree = "<group>"; };
		500800751BF0EA5E0051570A /* XLPlainFlowLayout.h */ = {isa = PBXFileReference; fileEncoding = 4; lastKnownFileType = sourcecode.c.h; path = XLPlainFlowLayout.h; sourceTree = "<group>"; };
		500800761BF0EA5E0051570A /* XLPlainFlowLayout.m */ = {isa = PBXFileReference; fileEncoding = 4; lastKnownFileType = sourcecode.c.objc; path = XLPlainFlowLayout.m; sourceTree = "<group>"; };
/* End PBXFileReference section */

/* Begin PBXFrameworksBuildPhase section */
		500800371BF0E93E0051570A /* Frameworks */ = {
			isa = PBXFrameworksBuildPhase;
			buildActionMask = 2147483647;
			files = (
			);
			runOnlyForDeploymentPostprocessing = 0;
		};
		500800501BF0E93E0051570A /* Frameworks */ = {
			isa = PBXFrameworksBuildPhase;
			buildActionMask = 2147483647;
			files = (
			);
			runOnlyForDeploymentPostprocessing = 0;
		};
		5008005B1BF0E93F0051570A /* Frameworks */ = {
			isa = PBXFrameworksBuildPhase;
			buildActionMask = 2147483647;
			files = (
			);
			runOnlyForDeploymentPostprocessing = 0;
		};
/* End PBXFrameworksBuildPhase section */

/* Begin PBXGroup section */
		500800311BF0E93E0051570A = {
			isa = PBXGroup;
			children = (
				500800751BF0EA5E0051570A /* XLPlainFlowLayout.h */,
				500800761BF0EA5E0051570A /* XLPlainFlowLayout.m */,
				500800701BF0E9640051570A /* RootViewController.h */,
				500800711BF0E9640051570A /* RootViewController.m */,
				500800721BF0E9640051570A /* RootViewController.xib */,
				5008003C1BF0E93E0051570A /* collectionViewHeader */,
				500800561BF0E93E0051570A /* collectionViewHeaderTests */,
				500800611BF0E93F0051570A /* collectionViewHeaderUITests */,
				5008003B1BF0E93E0051570A /* Products */,
			);
			sourceTree = "<group>";
		};
		5008003B1BF0E93E0051570A /* Products */ = {
			isa = PBXGroup;
			children = (
				5008003A1BF0E93E0051570A /* collectionViewHeader.app */,
				500800531BF0E93E0051570A /* collectionViewHeaderTests.xctest */,
				5008005E1BF0E93F0051570A /* collectionViewHeaderUITests.xctest */,
			);
			name = Products;
			sourceTree = "<group>";
		};
		5008003C1BF0E93E0051570A /* collectionViewHeader */ = {
			isa = PBXGroup;
			children = (
				500800401BF0E93E0051570A /* AppDelegate.h */,
				500800411BF0E93E0051570A /* AppDelegate.m */,
				500800491BF0E93E0051570A /* Assets.xcassets */,
				5008004B1BF0E93E0051570A /* LaunchScreen.storyboard */,
				5008004E1BF0E93E0051570A /* Info.plist */,
				5008003D1BF0E93E0051570A /* Supporting Files */,
			);
			path = collectionViewHeader;
			sourceTree = "<group>";
		};
		5008003D1BF0E93E0051570A /* Supporting Files */ = {
			isa = PBXGroup;
			children = (
				5008003E1BF0E93E0051570A /* main.m */,
			);
			name = "Supporting Files";
			sourceTree = "<group>";
		};
		500800561BF0E93E0051570A /* collectionViewHeaderTests */ = {
			isa = PBXGroup;
			children = (
				500800571BF0E93E0051570A /* collectionViewHeaderTests.m */,
				500800591BF0E93E0051570A /* Info.plist */,
			);
			path = collectionViewHeaderTests;
			sourceTree = "<group>";
		};
		500800611BF0E93F0051570A /* collectionViewHeaderUITests */ = {
			isa = PBXGroup;
			children = (
				500800621BF0E93F0051570A /* collectionViewHeaderUITests.m */,
				500800641BF0E93F0051570A /* Info.plist */,
			);
			path = collectionViewHeaderUITests;
			sourceTree = "<group>";
		};
/* End PBXGroup section */

/* Begin PBXNativeTarget section */
		500800391BF0E93E0051570A /* collectionViewHeader */ = {
			isa = PBXNativeTarget;
			buildConfigurationList = 500800671BF0E93F0051570A /* Build configuration list for PBXNativeTarget "collectionViewHeader" */;
			buildPhases = (
				500800361BF0E93E0051570A /* Sources */,
				500800371BF0E93E0051570A /* Frameworks */,
				500800381BF0E93E0051570A /* Resources */,
			);
			buildRules = (
			);
			dependencies = (
			);
			name = collectionViewHeader;
			productName = collectionViewHeader;
			productReference = 5008003A1BF0E93E0051570A /* collectionViewHeader.app */;
			productType = "com.apple.product-type.application";
		};
		500800521BF0E93E0051570A /* collectionViewHeaderTests */ = {
			isa = PBXNativeTarget;
			buildConfigurationList = 5008006A1BF0E93F0051570A /* Build configuration list for PBXNativeTarget "collectionViewHeaderTests" */;
			buildPhases = (
				5008004F1BF0E93E0051570A /* Sources */,
				500800501BF0E93E0051570A /* Frameworks */,
				500800511BF0E93E0051570A /* Resources */,
			);
			buildRules = (
			);
			dependencies = (
				500800551BF0E93E0051570A /* PBXTargetDependency */,
			);
			name = collectionViewHeaderTests;
			productName = collectionViewHeaderTests;
			productReference = 500800531BF0E93E0051570A /* collectionViewHeaderTests.xctest */;
			productType = "com.apple.product-type.bundle.unit-test";
		};
		5008005D1BF0E93F0051570A /* collectionViewHeaderUITests */ = {
			isa = PBXNativeTarget;
			buildConfigurationList = 5008006D1BF0E93F0051570A /* Build configuration list for PBXNativeTarget "collectionViewHeaderUITests" */;
			buildPhases = (
				5008005A1BF0E93F0051570A /* Sources */,
				5008005B1BF0E93F0051570A /* Frameworks */,
				5008005C1BF0E93F0051570A /* Resources */,
			);
			buildRules = (
			);
			dependencies = (
				500800601BF0E93F0051570A /* PBXTargetDependency */,
			);
			name = collectionViewHeaderUITests;
			productName = collectionViewHeaderUITests;
			productReference = 5008005E1BF0E93F0051570A /* collectionViewHeaderUITests.xctest */;
			productType = "com.apple.product-type.bundle.ui-testing";
		};
/* End PBXNativeTarget section */

/* Begin PBXProject section */
		500800321BF0E93E0051570A /* Project object */ = {
			isa = PBXProject;
			attributes = {
				LastUpgradeCheck = 0710;
				ORGANIZATIONNAME = Mr.Yao;
				TargetAttributes = {
					500800391BF0E93E0051570A = {
						CreatedOnToolsVersion = 7.1;
					};
					500800521BF0E93E0051570A = {
						CreatedOnToolsVersion = 7.1;
						TestTargetID = 500800391BF0E93E0051570A;
					};
					5008005D1BF0E93F0051570A = {
						CreatedOnToolsVersion = 7.1;
						TestTargetID = 500800391BF0E93E0051570A;
					};
				};
			};
			buildConfigurationList = 500800351BF0E93E0051570A /* Build configuration list for PBXProject "collectionViewHeader" */;
			compatibilityVersion = "Xcode 3.2";
			developmentRegion = English;
			hasScannedForEncodings = 0;
			knownRegions = (
				en,
				Base,
			);
			mainGroup = 500800311BF0E93E0051570A;
			productRefGroup = 5008003B1BF0E93E0051570A /* Products */;
			projectDirPath = "";
			projectRoot = "";
			targets = (
				500800391BF0E93E0051570A /* collectionViewHeader */,
				500800521BF0E93E0051570A /* collectionViewHeaderTests */,
				5008005D1BF0E93F0051570A /* collectionViewHeaderUITests */,
			);
		};
/* End PBXProject section */

/* Begin PBXResourcesBuildPhase section */
		500800381BF0E93E0051570A /* Resources */ = {
			isa = PBXResourcesBuildPhase;
			buildActionMask = 2147483647;
			files = (
				5008004D1BF0E93E0051570A /* LaunchScreen.storyboard in Resources */,
				5008004A1BF0E93E0051570A /* Assets.xcassets in Resources */,
				500800741BF0E9640051570A /* RootViewController.xib in Resources */,
			);
			runOnlyForDeploymentPostprocessing = 0;
		};
		500800511BF0E93E0051570A /* Resources */ = {
			isa = PBXResourcesBuildPhase;
			buildActionMask = 2147483647;
			files = (
			);
			runOnlyForDeploymentPostprocessing = 0;
		};
		5008005C1BF0E93F0051570A /* Resources */ = {
			isa = PBXResourcesBuildPhase;
			buildActionMask = 2147483647;
			files = (
			);
			runOnlyForDeploymentPostprocessing = 0;
		};
/* End PBXResourcesBuildPhase section */

/* Begin PBXSourcesBuildPhase section */
		500800361BF0E93E0051570A /* Sources */ = {
			isa = PBXSourcesBuildPhase;
			buildActionMask = 2147483647;
			files = (
				500800771BF0EA5E0051570A /* XLPlainFlowLayout.m in Sources */,
				500800421BF0E93E0051570A /* AppDelegate.m in Sources */,
				5008003F1BF0E93E0051570A /* main.m in Sources */,
				500800731BF0E9640051570A /* RootViewController.m in Sources */,
			);
			runOnlyForDeploymentPostprocessing = 0;
		};
		5008004F1BF0E93E0051570A /* Sources */ = {
			isa = PBXSourcesBuildPhase;
			buildActionMask = 2147483647;
			files = (
				500800581BF0E93E0051570A /* collectionViewHeaderTests.m in Sources */,
			);
			runOnlyForDeploymentPostprocessing = 0;
		};
		5008005A1BF0E93F0051570A /* Sources */ = {
			isa = PBXSourcesBuildPhase;
			buildActionMask = 2147483647;
			files = (
				500800631BF0E93F0051570A /* collectionViewHeaderUITests.m in Sources */,
			);
			runOnlyForDeploymentPostprocessing = 0;
		};
/* End PBXSourcesBuildPhase section */

/* Begin PBXTargetDependency section */
		500800551BF0E93E0051570A /* PBXTargetDependency */ = {
			isa = PBXTargetDependency;
			target = 500800391BF0E93E0051570A /* collectionViewHeader */;
			targetProxy = 500800541BF0E93E0051570A /* PBXContainerItemProxy */;
		};
		500800601BF0E93F0051570A /* PBXTargetDependency */ = {
			isa = PBXTargetDependency;
			target = 500800391BF0E93E0051570A /* collectionViewHeader */;
			targetProxy = 5008005F1BF0E93F0051570A /* PBXContainerItemProxy */;
		};
/* End PBXTargetDependency section */

/* Begin PBXVariantGroup section */
		5008004B1BF0E93E0051570A /* LaunchScreen.storyboard */ = {
			isa = PBXVariantGroup;
			children = (
				5008004C1BF0E93E0051570A /* Base */,
			);
			name = LaunchScreen.storyboard;
			sourceTree = "<group>";
		};
/* End PBXVariantGroup section */

/* Begin XCBuildConfiguration section */
		500800651BF0E93F0051570A /* Debug */ = {
			isa = XCBuildConfiguration;
			buildSettings = {
				ALWAYS_SEARCH_USER_PATHS = NO;
				CLANG_CXX_LANGUAGE_STANDARD = "gnu++0x";
				CLANG_CXX_LIBRARY = "libc++";
				CLANG_ENABLE_MODULES = YES;
				CLANG_ENABLE_OBJC_ARC = YES;
				CLANG_WARN_BOOL_CONVERSION = YES;
				CLANG_WARN_CONSTANT_CONVERSION = YES;
				CLANG_WARN_DIRECT_OBJC_ISA_USAGE = YES_ERROR;
				CLANG_WARN_EMPTY_BODY = YES;
				CLANG_WARN_ENUM_CONVERSION = YES;
				CLANG_WARN_INT_CONVERSION = YES;
				CLANG_WARN_OBJC_ROOT_CLASS = YES_ERROR;
				CLANG_WARN_UNREACHABLE_CODE = YES;
				CLANG_WARN__DUPLICATE_METHOD_MATCH = YES;
				"CODE_SIGN_IDENTITY[sdk=iphoneos*]" = "iPhone Developer";
				COPY_PHASE_STRIP = NO;
				DEBUG_INFORMATION_FORMAT = dwarf;
				ENABLE_STRICT_OBJC_MSGSEND = YES;
				ENABLE_TESTABILITY = YES;
				GCC_C_LANGUAGE_STANDARD = gnu99;
				GCC_DYNAMIC_NO_PIC = NO;
				GCC_NO_COMMON_BLOCKS = YES;
				GCC_OPTIMIZATION_LEVEL = 0;
				GCC_PREPROCESSOR_DEFINITIONS = (
					"DEBUG=1",
					"$(inherited)",
				);
				GCC_WARN_64_TO_32_BIT_CONVERSION = YES;
				GCC_WARN_ABOUT_RETURN_TYPE = YES_ERROR;
				GCC_WARN_UNDECLARED_SELECTOR = YES;
				GCC_WARN_UNINITIALIZED_AUTOS = YES_AGGRESSIVE;
				GCC_WARN_UNUSED_FUNCTION = YES;
				GCC_WARN_UNUSED_VARIABLE = YES;
				IPHONEOS_DEPLOYMENT_TARGET = 9.1;
				MTL_ENABLE_DEBUG_INFO = YES;
				ONLY_ACTIVE_ARCH = YES;
				SDKROOT = iphoneos;
			};
			name = Debug;
		};
		500800661BF0E93F0051570A /* Release */ = {
			isa = XCBuildConfiguration;
			buildSettings = {
				ALWAYS_SEARCH_USER_PATHS = NO;
				CLANG_CXX_LANGUAGE_STANDARD = "gnu++0x";
				CLANG_CXX_LIBRARY = "libc++";
				CLANG_ENABLE_MODULES = YES;
				CLANG_ENABLE_OBJC_ARC = YES;
				CLANG_WARN_BOOL_CONVERSION = YES;
				CLANG_WARN_CONSTANT_CONVERSION = YES;
				CLANG_WARN_DIRECT_OBJC_ISA_USAGE = YES_ERROR;
				CLANG_WARN_EMPTY_BODY = YES;
				CLANG_WARN_ENUM_CONVERSION = YES;
				CLANG_WARN_INT_CONVERSION = YES;
				CLANG_WARN_OBJC_ROOT_CLASS = YES_ERROR;
				CLANG_WARN_UNREACHABLE_CODE = YES;
				CLANG_WARN__DUPLICATE_METHOD_MATCH = YES;
				"CODE_SIGN_IDENTITY[sdk=iphoneos*]" = "iPhone Developer";
				COPY_PHASE_STRIP = NO;
				DEBUG_INFORMATION_FORMAT = "dwarf-with-dsym";
				ENABLE_NS_ASSERTIONS = NO;
				ENABLE_STRICT_OBJC_MSGSEND = YES;
				GCC_C_LANGUAGE_STANDARD = gnu99;
				GCC_NO_COMMON_BLOCKS = YES;
				GCC_WARN_64_TO_32_BIT_CONVERSION = YES;
				GCC_WARN_ABOUT_RETURN_TYPE = YES_ERROR;
				GCC_WARN_UNDECLARED_SELECTOR = YES;
				GCC_WARN_UNINITIALIZED_AUTOS = YES_AGGRESSIVE;
				GCC_WARN_UNUSED_FUNCTION = YES;
				GCC_WARN_UNUSED_VARIABLE = YES;
				IPHONEOS_DEPLOYMENT_TARGET = 9.1;
				MTL_ENABLE_DEBUG_INFO = NO;
				SDKROOT = iphoneos;
				VALIDATE_PRODUCT = YES;
			};
			name = Release;
		};
		500800681BF0E93F0051570A /* Debug */ = {
			isa = XCBuildConfiguration;
			buildSettings = {
				ASSETCATALOG_COMPILER_APPICON_NAME = AppIcon;
				INFOPLIST_FILE = collectionViewHeader/Info.plist;
				LD_RUNPATH_SEARCH_PATHS = "$(inherited) @executable_path/Frameworks";
				PRODUCT_BUNDLE_IDENTIFIER = xxx.collectionViewHeader;
				PRODUCT_NAME = "$(TARGET_NAME)";
			};
			name = Debug;
		};
		500800691BF0E93F0051570A /* Release */ = {
			isa = XCBuildConfiguration;
			buildSettings = {
				ASSETCATALOG_COMPILER_APPICON_NAME = AppIcon;
				INFOPLIST_FILE = collectionViewHeader/Info.plist;
				LD_RUNPATH_SEARCH_PATHS = "$(inherited) @executable_path/Frameworks";
				PRODUCT_BUNDLE_IDENTIFIER = xxx.collectionViewHeader;
				PRODUCT_NAME = "$(TARGET_NAME)";
			};
			name = Release;
		};
		5008006B1BF0E93F0051570A /* Debug */ = {
			isa = XCBuildConfiguration;
			buildSettings = {
				BUNDLE_LOADER = "$(TEST_HOST)";
				INFOPLIST_FILE = collectionViewHeaderTests/Info.plist;
				LD_RUNPATH_SEARCH_PATHS = "$(inherited) @executable_path/Frameworks @loader_path/Frameworks";
				PRODUCT_BUNDLE_IDENTIFIER = xxx.collectionViewHeaderTests;
				PRODUCT_NAME = "$(TARGET_NAME)";
				TEST_HOST = "$(BUILT_PRODUCTS_DIR)/collectionViewHeader.app/collectionViewHeader";
			};
			name = Debug;
		};
		5008006C1BF0E93F0051570A /* Release */ = {
			isa = XCBuildConfiguration;
			buildSettings = {
				BUNDLE_LOADER = "$(TEST_HOST)";
				INFOPLIST_FILE = collectionViewHeaderTests/Info.plist;
				LD_RUNPATH_SEARCH_PATHS = "$(inherited) @executable_path/Frameworks @loader_path/Frameworks";
				PRODUCT_BUNDLE_IDENTIFIER = xxx.collectionViewHeaderTests;
				PRODUCT_NAME = "$(TARGET_NAME)";
				TEST_HOST = "$(BUILT_PRODUCTS_DIR)/collectionViewHeader.app/collectionViewHeader";
			};
			name = Release;
		};
		5008006E1BF0E93F0051570A /* Debug */ = {
			isa = XCBuildConfiguration;
			buildSettings = {
				INFOPLIST_FILE = collectionViewHeaderUITests/Info.plist;
				LD_RUNPATH_SEARCH_PATHS = "$(inherited) @executable_path/Frameworks @loader_path/Frameworks";
				PRODUCT_BUNDLE_IDENTIFIER = xxx.collectionViewHeaderUITests;
				PRODUCT_NAME = "$(TARGET_NAME)";
				TEST_TARGET_NAME = collectionViewHeader;
				USES_XCTRUNNER = YES;
			};
			name = Debug;
		};
		5008006F1BF0E93F0051570A /* Release */ = {
			isa = XCBuildConfiguration;
			buildSettings = {
				INFOPLIST_FILE = collectionViewHeaderUITests/Info.plist;
				LD_RUNPATH_SEARCH_PATHS = "$(inherited) @executable_path/Frameworks @loader_path/Frameworks";
				PRODUCT_BUNDLE_IDENTIFIER = xxx.collectionViewHeaderUITests;
				PRODUCT_NAME = "$(TARGET_NAME)";
				TEST_TARGET_NAME = collectionViewHeader;
				USES_XCTRUNNER = YES;
			};
			name = Release;
		};
/* End XCBuildConfiguration section */

/* Begin XCConfigurationList section */
		500800351BF0E93E0051570A /* Build configuration list for PBXProject "collectionViewHeader" */ = {
			isa = XCConfigurationList;
			buildConfigurations = (
				500800651BF0E93F0051570A /* Debug */,
				500800661BF0E93F0051570A /* Release */,
			);
			defaultConfigurationIsVisible = 0;
			defaultConfigurationName = Release;
		};
		500800671BF0E93F0051570A /* Build configuration list for PBXNativeTarget "collectionViewHeader" */ = {
			isa = XCConfigurationList;
			buildConfigurations = (
				500800681BF0E93F0051570A /* Debug */,
				500800691BF0E93F0051570A /* Release */,
			);
			defaultConfigurationIsVisible = 0;
		};
		5008006A1BF0E93F0051570A /* Build configuration list for PBXNativeTarget "collectionViewHeaderTests" */ = {
			isa = XCConfigurationList;
			buildConfigurations = (
				5008006B1BF0E93F0051570A /* Debug */,
				5008006C1BF0E93F0051570A /* Release */,
			);
			defaultConfigurationIsVisible = 0;
		};
		5008006D1BF0E93F0051570A /* Build configuration list for PBXNativeTarget "collectionViewHeaderUITests" */ = {
			isa = XCConfigurationList;
			buildConfigurations = (
				5008006E1BF0E93F0051570A /* Debug */,
				5008006F1BF0E93F0051570A /* Release */,
			);
			defaultConfigurationIsVisible = 0;
		};
/* End XCConfigurationList section */
	};
	rootObject = 500800321BF0E93E0051570A /* Project object */;
}
